
Microsoft Visual Studio Solution File, Format Version 12.00
# Visual Studio Version 17
VisualStudioVersion = 17.5.33516.290
MinimumVisualStudioVersion = 10.0.40219.1
Project("{8BC9CEB8-8B4A-11D0-8D11-00A0C91BC942}") = "QtSnake", "QtSnake\QtSnake.vcxproj", "{EA99D6D9-9B44-4D54-BC0B-27F545C0ADE2}"
EndProject
Global
	GlobalSection(SolutionConfigurationPlatforms) = preSolution
		Debug|x64 = Debug|x64
		Release|x64 = Release|x64
	EndGlobalSection
	GlobalSection(ProjectConfigurationPlatforms) = postSolution
		{EA99D6D9-9B44-4D54-BC0B-27F545C0ADE2}.Debug|x64.ActiveCfg = Debug|x64
		{EA99D6D9-9B44-4D54-BC0B-27F545C0ADE2}.Debug|x64.Build.0 = Debug|x64
		{EA99D6D9-9B44-4D54-BC0B-27F545C0ADE2}.Release|x64.ActiveCfg = Release|x64
		{EA99D6D9-9B44-4D54-BC0B-27F545C0ADE2}.Release|x64.Build.0 = Release|x64
	EndGlobalSection
	GlobalSection(SolutionProperties) = preSolution
		HideSolutionNode = FALSE
	EndGlobalSection
	GlobalSection(ExtensibilityGlobals) = postSolution
		SolutionGuid = {5C7B5137-B460-44B5-949E-8BBE35D85193}
	EndGlobalSection
EndGlobal
